
Microsoft Visual Studio Solution File, Format Version 12.00
# Visual Studio 14
VisualStudioVersion = 14.0.24720.0
MinimumVisualStudioVersion = 10.0.40219.1
Project("{8BC9CEB8-8B4A-11D0-8D11-00A0C91BC942}") = "CalculationWork", "CalculationWork\CalculationWork.vcxproj", "{C243415E-9A1C-47E1-B1EF-253C21A812E0}"
EndProject
Project("{8BC9CEB8-8B4A-11D0-8D11-00A0C91BC942}") = "UnitTests", "UnitTests\UnitTests.vcxproj", "{7F4DB052-A9C1-4AB9-A94E-72D03C6E7517}"
EndProject
Project("{8BC9CEB8-8B4A-11D0-8D11-00A0C91BC942}") = "DifferetialProbabilityCalculation", "DifferetialProbabilityCalculation\DifferetialProbabilityCalculation.vcxproj", "{3424B15B-2115-4CFD-972E-D2DDC54106A5}"
EndProject
Global
	GlobalSection(SolutionConfigurationPlatforms) = preSolution
		Debug|x64 = Debug|x64
		Debug|x86 = Debug|x86
		Release|x64 = Release|x64
		Release|x86 = Release|x86
	EndGlobalSection
	GlobalSection(ProjectConfigurationPlatforms) = postSolution
		{C243415E-9A1C-47E1-B1EF-253C21A812E0}.Debug|x64.ActiveCfg = Debug|x64
		{C243415E-9A1C-47E1-B1EF-253C21A812E0}.Debug|x64.Build.0 = Debug|x64
		{C243415E-9A1C-47E1-B1EF-253C21A812E0}.Debug|x86.ActiveCfg = Debug|Win32
		{C243415E-9A1C-47E1-B1EF-253C21A812E0}.Debug|x86.Build.0 = Debug|Win32
		{C243415E-9A1C-47E1-B1EF-253C21A812E0}.Release|x64.ActiveCfg = Release|x64
		{C243415E-9A1C-47E1-B1EF-253C21A812E0}.Release|x64.Build.0 = Release|x64
		{C243415E-9A1C-47E1-B1EF-253C21A812E0}.Release|x86.ActiveCfg = Release|Win32
		{C243415E-9A1C-47E1-B1EF-253C21A812E0}.Release|x86.Build.0 = Release|Win32
		{7F4DB052-A9C1-4AB9-A94E-72D03C6E7517}.Debug|x64.ActiveCfg = Debug|x64
		{7F4DB052-A9C1-4AB9-A94E-72D03C6E7517}.Debug|x64.Build.0 = Debug|x64
		{7F4DB052-A9C1-4AB9-A94E-72D03C6E7517}.Debug|x86.ActiveCfg = Debug|Win32
		{7F4DB052-A9C1-4AB9-A94E-72D03C6E7517}.Debug|x86.Build.0 = Debug|Win32
		{7F4DB052-A9C1-4AB9-A94E-72D03C6E7517}.Release|x64.ActiveCfg = Release|x64
		{7F4DB052-A9C1-4AB9-A94E-72D03C6E7517}.Release|x64.Build.0 = Release|x64
		{7F4DB052-A9C1-4AB9-A94E-72D03C6E7517}.Release|x86.ActiveCfg = Release|Win32
		{7F4DB052-A9C1-4AB9-A94E-72D03C6E7517}.Release|x86.Build.0 = Release|Win32
		{3424B15B-2115-4CFD-972E-D2DDC54106A5}.Debug|x64.ActiveCfg = Debug|x64
		{3424B15B-2115-4CFD-972E-D2DDC54106A5}.Debug|x64.Build.0 = Debug|x64
		{3424B15B-2115-4CFD-972E-D2DDC54106A5}.Debug|x86.ActiveCfg = Debug|Win32
		{3424B15B-2115-4CFD-972E-D2DDC54106A5}.Debug|x86.Build.0 = Debug|Win32
		{3424B15B-2115-4CFD-972E-D2DDC54106A5}.Release|x64.ActiveCfg = Release|x64
		{3424B15B-2115-4CFD-972E-D2DDC54106A5}.Release|x64.Build.0 = Release|x64
		{3424B15B-2115-4CFD-972E-D2DDC54106A5}.Release|x86.ActiveCfg = Release|Win32
		{3424B15B-2115-4CFD-972E-D2DDC54106A5}.Release|x86.Build.0 = Release|Win32
	EndGlobalSection
	GlobalSection(SolutionProperties) = preSolution
		HideSolutionNode = FALSE
	EndGlobalSection
EndGlobal
